schema: '2.0'
stages:
  featurization:
    cmd: python code/featurization.py
    deps:
    - path: code/featurization.py
      md5: 2957b1e214d8d11ff2a5a7e0f33c8a6d
      size: 1459
    - path: data/test_data.csv
      md5: c807df8d6d804ab2647fc15c3d40f543
      size: 18289443
    - path: data/train_data.csv
      md5: 5b49cf1b57fb9d6102b559d59d99df7c
      size: 109575994
    outs:
    - path: data/norm_params.json
      md5: d5cdbddffae2bf26537b2a1910c5adee
      size: 268029
    - path: data/processed_test_data.npy
      md5: 7919d7c80b2ff8e73d99fbf5ed76fb8e
      size: 2480128
    - path: data/processed_train_data.npy
      md5: 7da7b9d666bb6acd8273d7e15eb74867
      size: 14880128
  training:
    cmd: python code/train_model.py
    deps:
    - path: code/train_model.py
      md5: be5474853779e4eebf992c99ebfbc32c
      size: 1692
    - path: data/processed_train_data.npy
      md5: 7da7b9d666bb6acd8273d7e15eb74867
      size: 14880128
    outs:
    - path: data/model.pkl
      md5: 2247cae2ac58bc2e6daff80fb0bf0d0f
      size: 209119
    - path: metrics/train_metric.json
      md5: ee90e48067bdef6168230278883c53fa
      size: 36
  eval:
    cmd: python code/eval.py
    deps:
    - path: code/eval.py
      md5: af19bb21bba39a67fe9de24cccb1c816
      size: 1874
    - path: data/model.pkl
      md5: 2247cae2ac58bc2e6daff80fb0bf0d0f
      size: 209119
    - path: data/processed_test_data.npy
      md5: 7919d7c80b2ff8e73d99fbf5ed76fb8e
      size: 2480128
    outs:
    - path: metrics/eval.json
      md5: dc7dcf30a62d009d446414158cb3c8c9
      size: 84
