schema: '2.0'
stages:
  featurization:
    cmd: python code/featurization.py
    deps:
    - path: code/featurization.py
      md5: 9029804236e5d938335bca1596424bc3
      size: 1459
    - path: data/test_data.csv
      md5: c807df8d6d804ab2647fc15c3d40f543
      size: 18289443
    - path: data/train_data.csv
      md5: 5b49cf1b57fb9d6102b559d59d99df7c
      size: 109575994
    outs:
    - path: data/norm_params.json
      md5: 444821bff2714fe605c04b7dee463a54
      size: 181867
    - path: data/processed_test_data.npy
      md5: d2e778bdb3746f6ad48c34a1d5aaf0ae
      size: 1680128
    - path: data/processed_train_data.npy
      md5: 6429b01550dc9fe5680929401490ccbd
      size: 10080128
  training:
    cmd: python code/train_model.py
    deps:
    - path: code/train_model.py
      md5: 37d49ad9a376802e6324d64364deda06
      size: 1667
    - path: data/processed_train_data.npy
      md5: 6429b01550dc9fe5680929401490ccbd
      size: 10080128
    outs:
    - path: data/model.pkl
      md5: 204b4ee4ff3ca7d1d41802b1f3bb7742
      size: 836166
    - path: metrics/train_metric.json
      md5: a676e064936bbfdabdbd00f1e4fc7796
      size: 37
  eval:
    cmd: python code/eval.py
    deps:
    - path: code/eval.py
      md5: af19bb21bba39a67fe9de24cccb1c816
      size: 1874
    - path: data/model.pkl
      md5: 204b4ee4ff3ca7d1d41802b1f3bb7742
      size: 836166
    - path: data/processed_test_data.npy
      md5: d2e778bdb3746f6ad48c34a1d5aaf0ae
      size: 1680128
    outs:
    - path: metrics/eval.json
      md5: 6ed4bd7c59ea9e533b4f18380d07c813
      size: 84
